// !$*UTF8*$!
{
	archiveVersion = 1;
	classes = {
	};
	objectVersion = 46;
	objects = {

/* Begin PBXBuildFile section */
		15A8A4491834C64F00142BE0 /* Icon-114.png */ = {isa = PBXBuildFile; fileRef = 5023810C17EBBCAC00990C9B /* Icon-114.png */; };
		15A8A4881834C90F00142BE0 /* libcurl.dylib */ = {isa = PBXBuildFile; fileRef = 15A8A4871834C90E00142BE0 /* libcurl.dylib */; };
		182A49C4A6036CAD9669DEDD /* sdkbox.framework */ = {isa = PBXBuildFile; fileRef = 0829483782BAC8427186AF79 /* sdkbox.framework */; };
		192977161BB236650002DFFC /* CFNetwork.framework */ = {isa = PBXBuildFile; fileRef = 192977151BB236650002DFFC /* CFNetwork.framework */; };
		1A92487E9BBB5FDA5911BD03 /* AdSupport.framework */ = {isa = PBXBuildFile; fileRef = 0EE64A0184E0A3E85A9670D5 /* AdSupport.framework */; };
		1AF4C403178663F200122817 /* libz.dylib */ = {isa = PBXBuildFile; fileRef = 1AF4C402178663F200122817 /* libz.dylib */; };
		2A9D4271AAE14651367EB0DD /* SystemConfiguration.framework */ = {isa = PBXBuildFile; fileRef = DCE24D4A928DBC8712B24A7B /* SystemConfiguration.framework */; };
		2CDC4E82AE1133027389B478 /* AdSupport.framework */ = {isa = PBXBuildFile; fileRef = 0EE64A0184E0A3E85A9670D5 /* AdSupport.framework */; };
		380C491F980113B0D74137FC /* StoreKit.framework */ = {isa = PBXBuildFile; fileRef = CD4E44BEA3EF13880696B04F /* StoreKit.framework */; };
		3EEEDB61197107C0006A9FF8 /* MediaPlayer.framework */ = {isa = PBXBuildFile; fileRef = 3EEEDB60197107C0006A9FF8 /* MediaPlayer.framework */; };
		3F254BD6AE4FB234D67704A5 /* CoreMedia.framework */ = {isa = PBXBuildFile; fileRef = 5EC942A0BE7DA1E8498BD0F3 /* CoreMedia.framework */; };
		5023811817EBBCAC00990C9B /* AppController.mm */ = {isa = PBXBuildFile; fileRef = 5023810817EBBCAC00990C9B /* AppController.mm */; };
		5023811917EBBCAC00990C9B /* Default-568h@2x.png */ = {isa = PBXBuildFile; fileRef = 5023810917EBBCAC00990C9B /* Default-568h@2x.png */; };
		5023811A17EBBCAC00990C9B /* Default.png */ = {isa = PBXBuildFile; fileRef = 5023810A17EBBCAC00990C9B /* Default.png */; };
		5023811B17EBBCAC00990C9B /* Default@2x.png */ = {isa = PBXBuildFile; fileRef = 5023810B17EBBCAC00990C9B /* Default@2x.png */; };
		5023811D17EBBCAC00990C9B /* Icon-120.png */ = {isa = PBXBuildFile; fileRef = 5023810D17EBBCAC00990C9B /* Icon-120.png */; };
		5023811E17EBBCAC00990C9B /* Icon-144.png */ = {isa = PBXBuildFile; fileRef = 5023810E17EBBCAC00990C9B /* Icon-144.png */; };
		5023811F17EBBCAC00990C9B /* Icon-152.png */ = {isa = PBXBuildFile; fileRef = 5023810F17EBBCAC00990C9B /* Icon-152.png */; };
		5023812017EBBCAC00990C9B /* Icon-57.png */ = {isa = PBXBuildFile; fileRef = 5023811017EBBCAC00990C9B /* Icon-57.png */; };
		5023812117EBBCAC00990C9B /* Icon-72.png */ = {isa = PBXBuildFile; fileRef = 5023811117EBBCAC00990C9B /* Icon-72.png */; };
		5023812217EBBCAC00990C9B /* Icon-76.png */ = {isa = PBXBuildFile; fileRef = 5023811217EBBCAC00990C9B /* Icon-76.png */; };
		5023812417EBBCAC00990C9B /* main.m */ = {isa = PBXBuildFile; fileRef = 5023811417EBBCAC00990C9B /* main.m */; };
		5023812517EBBCAC00990C9B /* RootViewController.mm */ = {isa = PBXBuildFile; fileRef = 5023811717EBBCAC00990C9B /* RootViewController.mm */; };
		5023813317EBBCE400990C9B /* AppDelegate.cpp */ = {isa = PBXBuildFile; fileRef = F293BB7E15EB831F00256477 /* AppDelegate.cpp */; };
		5023813717EBBCE400990C9B /* libz.dylib */ = {isa = PBXBuildFile; fileRef = 1AF4C402178663F200122817 /* libz.dylib */; };
		5023813E17EBBCE400990C9B /* QuartzCore.framework */ = {isa = PBXBuildFile; fileRef = F293B3CC15EB7BE500256477 /* QuartzCore.framework */; };
		5023814017EBBCE400990C9B /* OpenAL.framework */ = {isa = PBXBuildFile; fileRef = F293B3D015EB7BE500256477 /* OpenAL.framework */; };
		5023814117EBBCE400990C9B /* AudioToolbox.framework */ = {isa = PBXBuildFile; fileRef = F293B3D215EB7BE500256477 /* AudioToolbox.framework */; };
		5023814417EBBCE400990C9B /* Foundation.framework */ = {isa = PBXBuildFile; fileRef = F293B3D815EB7BE500256477 /* Foundation.framework */; };
		5023814517EBBCE400990C9B /* CoreGraphics.framework */ = {isa = PBXBuildFile; fileRef = F293B3DA15EB7BE500256477 /* CoreGraphics.framework */; };
		5023817A17EBBE8300990C9B /* OpenGLES.framework */ = {isa = PBXBuildFile; fileRef = 5023817917EBBE8300990C9B /* OpenGLES.framework */; };
		50805AAF17EBBEAA004CFAD3 /* UIKit.framework */ = {isa = PBXBuildFile; fileRef = 50805AAE17EBBEAA004CFAD3 /* UIKit.framework */; };
		5091733617ECE17A00D62437 /* Icon-29.png */ = {isa = PBXBuildFile; fileRef = 5091733017ECE17A00D62437 /* Icon-29.png */; };
		5091733717ECE17A00D62437 /* Icon-40.png */ = {isa = PBXBuildFile; fileRef = 5091733117ECE17A00D62437 /* Icon-40.png */; };
		5091733817ECE17A00D62437 /* Icon-50.png */ = {isa = PBXBuildFile; fileRef = 5091733217ECE17A00D62437 /* Icon-50.png */; };
		5091733917ECE17A00D62437 /* Icon-58.png */ = {isa = PBXBuildFile; fileRef = 5091733317ECE17A00D62437 /* Icon-58.png */; };
		5091733A17ECE17A00D62437 /* Icon-80.png */ = {isa = PBXBuildFile; fileRef = 5091733417ECE17A00D62437 /* Icon-80.png */; };
		5091733B17ECE17A00D62437 /* Icon-100.png */ = {isa = PBXBuildFile; fileRef = 5091733517ECE17A00D62437 /* Icon-100.png */; };
		50D7C96C17EBBEDF005D0B91 /* OpenGL.framework */ = {isa = PBXBuildFile; fileRef = 50D7C96B17EBBEDF005D0B91 /* OpenGL.framework */; };
		50D7C96E17EBBEE6005D0B91 /* AppKit.framework */ = {isa = PBXBuildFile; fileRef = 50D7C96D17EBBEE6005D0B91 /* AppKit.framework */; };
		50D7C97017EBBEEC005D0B91 /* IOKit.framework */ = {isa = PBXBuildFile; fileRef = 50D7C96F17EBBEEC005D0B91 /* IOKit.framework */; };
		5200BECA1A53D9A500AC45E4 /* Security.framework */ = {isa = PBXBuildFile; fileRef = 5200BEC91A53D9A500AC45E4 /* Security.framework */; };
		521A8E7019F0C3D200D177D7 /* Default-667h@2x.png */ = {isa = PBXBuildFile; fileRef = 521A8E6E19F0C3D200D177D7 /* Default-667h@2x.png */; };
		521A8E7119F0C3D200D177D7 /* Default-736h@3x.png */ = {isa = PBXBuildFile; fileRef = 521A8E6F19F0C3D200D177D7 /* Default-736h@3x.png */; };
		54FA427BA7B1ACD322027896 /* SDKBoxLuaHelper.cpp */ = {isa = PBXBuildFile; fileRef = 2C6148E2B720C6ED96D8B1D5 /* SDKBoxLuaHelper.cpp */; };
		55524DAB96822B652D6BDC1D /* PluginBee7Lua.cpp */ = {isa = PBXBuildFile; fileRef = 1EE24143B6A5DE6459307E25 /* PluginBee7Lua.cpp */; };
		5EED4528A749E3F214CEBF3A /* PluginBee7Lua.cpp */ = {isa = PBXBuildFile; fileRef = 1EE24143B6A5DE6459307E25 /* PluginBee7Lua.cpp */; };
		5F574383BE06187376908897 /* PluginBee7LuaHelper.cpp */ = {isa = PBXBuildFile; fileRef = 86B6442DBD1BD75CFCD440F9 /* PluginBee7LuaHelper.cpp */; };
		6210441A92545C16EEB137D8 /* libsqlite3.dylib */ = {isa = PBXBuildFile; fileRef = 29E44DC5B74862EACCA4F8BC /* libsqlite3.dylib */; };
		66784FA88672949B74C06DA4 /* Localizable.strings */ = {isa = PBXBuildFile; fileRef = 37C94D09A8E7ED24054BA5B1 /* Localizable.strings */; };
		72D84F958DAF9572CC56AE3C /*  */ = {isa = PBXBuildFile; fileRef = B47D4D5F9DDAE201D0F0E713 /*  */; };
		782F4B6DB501A37CEA2D5715 /* Bee7GWResources.bundle/ */ = {isa = PBXBuildFile; fileRef = 456447A7A20D59C2A226FF4E /* Bee7GWResources.bundle/ */; };
		7F794C65B591D6887378FB53 /* SDKBoxLuaHelper.cpp */ = {isa = PBXBuildFile; fileRef = 2C6148E2B720C6ED96D8B1D5 /* SDKBoxLuaHelper.cpp */; };
		8826489295A59DC74EAA873E /* SystemConfiguration.framework */ = {isa = PBXBuildFile; fileRef = DCE24D4A928DBC8712B24A7B /* SystemConfiguration.framework */; };
		8C584195A1533F7DB78895BD /* sdkbox.framework */ = {isa = PBXBuildFile; fileRef = 0829483782BAC8427186AF79 /* sdkbox.framework */; };
		8DBF4282BF6C30C333D40514 /* libsqlite3.dylib */ = {isa = PBXBuildFile; fileRef = 29E44DC5B74862EACCA4F8BC /* libsqlite3.dylib */; };
		92834F8B83D537376981BBEA /* MessageUI.framework */ = {isa = PBXBuildFile; fileRef = F9314DD9A9DF098E9380D581 /* MessageUI.framework */; };
		92C1412BA4A6C7F5E1FC98BC /* MessageUI.framework */ = {isa = PBXBuildFile; fileRef = F9314DD9A9DF098E9380D581 /* MessageUI.framework */; };
		97A7450B96F76992D1EF8D0F /* Bee7GWResources.bundle/ */ = {isa = PBXBuildFile; fileRef = 456447A7A20D59C2A226FF4E /* Bee7GWResources.bundle/ */; };
		9FB6C06D1A69863D00945236 /* lua_debugger.c */ = {isa = PBXBuildFile; fileRef = 9FB6C0691A69863D00945236 /* lua_debugger.c */; };
		9FB6C06E1A69863D00945236 /* lua_debugger.c */ = {isa = PBXBuildFile; fileRef = 9FB6C0691A69863D00945236 /* lua_debugger.c */; };
		9FB6C06F1A69863D00945236 /* RuntimeLuaImpl.cpp */ = {isa = PBXBuildFile; fileRef = 9FB6C06B1A69863D00945236 /* RuntimeLuaImpl.cpp */; };
		9FB6C0701A69863D00945236 /* RuntimeLuaImpl.cpp */ = {isa = PBXBuildFile; fileRef = 9FB6C06B1A69863D00945236 /* RuntimeLuaImpl.cpp */; };
		9FC760431A67791200D1E6E7 /* lang */ = {isa = PBXBuildFile; fileRef = 9FC760401A67791200D1E6E7 /* lang */; };
		9FC760451A677A4A00D1E6E7 /* SimpleConfigParser.cpp */ = {isa = PBXBuildFile; fileRef = 9FC760411A67791200D1E6E7 /* SimpleConfigParser.cpp */; };
		B4C0474CB1FBCAF30D285B58 /* libsimulator iOS.a */ = {isa = PBXBuildFile; fileRef = 584941CEB48A3A14D477A3EB /* libsimulator iOS.a */; };
		B6664BCB8E58D3C561F04D60 /* StoreKit.framework */ = {isa = PBXBuildFile; fileRef = CD4E44BEA3EF13880696B04F /* StoreKit.framework */; };
		C03781B918BF655400FE4F13 /* res */ = {isa = PBXBuildFile; fileRef = C03781B718BF655400FE4F13 /* res */; };
		C03781BA18BF655400FE4F13 /* res */ = {isa = PBXBuildFile; fileRef = C03781B718BF655400FE4F13 /* res */; };
		C03781BB18BF655400FE4F13 /* src */ = {isa = PBXBuildFile; fileRef = C03781B818BF655400FE4F13 /* src */; };
		C03781BC18BF655400FE4F13 /* src */ = {isa = PBXBuildFile; fileRef = C03781B818BF655400FE4F13 /* src */; };
		C05D1C121923449100B808A4 /* config.json */ = {isa = PBXBuildFile; fileRef = C05D1C111923449100B808A4 /* config.json */; };
		C05D1C131923449100B808A4 /* config.json */ = {isa = PBXBuildFile; fileRef = C05D1C111923449100B808A4 /* config.json */; };
		C1F9480BBAE95E6057ED3815 /* CoreMedia.framework */ = {isa = PBXBuildFile; fileRef = 5EC942A0BE7DA1E8498BD0F3 /* CoreMedia.framework */; };
		C8E9473A8EB8AFF878218D94 /* libluacocos2d iOS.a */ = {isa = PBXBuildFile; fileRef = B8C147C1AFAB3927B2582774 /* libluacocos2d iOS.a */; };
		CBEA4000B57F572F9BB3272B /* PluginBee7LuaHelper.cpp */ = {isa = PBXBuildFile; fileRef = 86B6442DBD1BD75CFCD440F9 /* PluginBee7LuaHelper.cpp */; };
		D6B061351803AC000077942B /* CoreMotion.framework */ = {isa = PBXBuildFile; fileRef = D6B061341803AC000077942B /* CoreMotion.framework */; };
		F1BA4A48A4CDC144118EF090 /* libcocos2d iOS.a */ = {isa = PBXBuildFile; fileRef = FB3149978256B69E6EB23A96 /* libcocos2d iOS.a */; };
		F293B3CD15EB7BE500256477 /* QuartzCore.framework */ = {isa = PBXBuildFile; fileRef = F293B3CC15EB7BE500256477 /* QuartzCore.framework */; };
		F293B3D115EB7BE500256477 /* OpenAL.framework */ = {isa = PBXBuildFile; fileRef = F293B3D015EB7BE500256477 /* OpenAL.framework */; };
		F293B3D315EB7BE500256477 /* AudioToolbox.framework */ = {isa = PBXBuildFile; fileRef = F293B3D215EB7BE500256477 /* AudioToolbox.framework */; };
		F293B3D515EB7BE500256477 /* AVFoundation.framework */ = {isa = PBXBuildFile; fileRef = F293B3D415EB7BE500256477 /* AVFoundation.framework */; };
		F293B3D915EB7BE500256477 /* Foundation.framework */ = {isa = PBXBuildFile; fileRef = F293B3D815EB7BE500256477 /* Foundation.framework */; };
		F293B3DB15EB7BE500256477 /* CoreGraphics.framework */ = {isa = PBXBuildFile; fileRef = F293B3DA15EB7BE500256477 /* CoreGraphics.framework */; };
		F293BB9C15EB831F00256477 /* AppDelegate.cpp */ = {isa = PBXBuildFile; fileRef = F293BB7E15EB831F00256477 /* AppDelegate.cpp */; };
		F8CC4C28BD7719A853FEAC43 /* PluginBee7.framework */ = {isa = PBXBuildFile; fileRef = 58304AC2A2DEA60D0DA29117 /* PluginBee7.framework */; };
		FC10416097BB47B6D08779E4 /* PluginBee7.framework */ = {isa = PBXBuildFile; fileRef = 58304AC2A2DEA60D0DA29117 /* PluginBee7.framework */; };
/* End PBXBuildFile section */

/* Begin PBXFileReference section */
		0829483782BAC8427186AF79 /* sdkbox.framework */ = {isa = PBXFileReference; lastKnownFileType = wrapper.framework; path = sdkbox.framework; sourceTree = SOURCE_ROOT; };
		0B8945718CD9E3917E7FB0B3 /* en */ = {isa = PBXFileReference; lastKnownFileType = "?"; name = en; path = Bee7GWResources.bundle/Resources/en.lproj/Localizable.strings; sourceTree = SOURCE_ROOT; };
		0EE64A0184E0A3E85A9670D5 /* AdSupport.framework */ = {isa = PBXFileReference; lastKnownFileType = wrapper.framework; name = AdSupport.framework; path = Platforms/iPhoneOS.platform/Developer/SDKs/iPhoneOS.sdk/System/Library/Frameworks/AdSupport.framework; sourceTree = DEVELOPER_DIR; };
		15427CE2198F237300DC375D /* lua_module_register.h */ = {isa = PBXFileReference; fileEncoding = 4; lastKnownFileType = sourcecode.c.h; name = lua_module_register.h; path = ../Classes/lua_module_register.h; sourceTree = "<group>"; };
		15A8A4871834C90E00142BE0 /* libcurl.dylib */ = {isa = PBXFileReference; lastKnownFileType = compiled.mach-o.dylib; name = libcurl.dylib; path = usr/lib/libcurl.dylib; sourceTree = SDKROOT; };
		15C1568D1683131500D239F2 /* libcurl.a */ = {isa = PBXFileReference; lastKnownFileType = archive.ar; name = libcurl.a; path = ../../cocos2d-x/cocos2dx/platform/third_party/ios/libraries/libcurl.a; sourceTree = "<group>"; };
		192977151BB236650002DFFC /* CFNetwork.framework */ = {isa = PBXFileReference; lastKnownFileType = wrapper.framework; name = CFNetwork.framework; path = Platforms/iPhoneOS.platform/Developer/SDKs/iPhoneOS8.4.sdk/System/Library/Frameworks/CFNetwork.framework; sourceTree = DEVELOPER_DIR; };
		1AF4C402178663F200122817 /* libz.dylib */ = {isa = PBXFileReference; lastKnownFileType = compiled.mach-o.dylib; name = libz.dylib; path = usr/lib/libz.dylib; sourceTree = SDKROOT; };
		1EE24143B6A5DE6459307E25 /* PluginBee7Lua.cpp */ = {isa = PBXFileReference; lastKnownFileType = sourcecode.cpp.cpp; name = PluginBee7Lua.cpp; path = ../Classes/PluginBee7Lua.cpp; sourceTree = SOURCE_ROOT; };
		29E44DC5B74862EACCA4F8BC /* libsqlite3.dylib */ = {isa = PBXFileReference; lastKnownFileType = compiled.mach-o.dylib; name = libsqlite3.dylib; path = Platforms/iPhoneOS.platform/Developer/SDKs/iPhoneOS.sdk/usr/lib/libsqlite3.dylib; sourceTree = DEVELOPER_DIR; };
		2BDD44DE8D6DFD7401EFEC21 /* es */ = {isa = PBXFileReference; lastKnownFileType = "?"; name = es; path = Bee7GWResources.bundle/Resources/es.lproj/Localizable.strings; sourceTree = SOURCE_ROOT; };
		2C6148E2B720C6ED96D8B1D5 /* SDKBoxLuaHelper.cpp */ = {isa = PBXFileReference; lastKnownFileType = sourcecode.cpp.cpp; name = SDKBoxLuaHelper.cpp; path = ../Classes/SDKBoxLuaHelper.cpp; sourceTree = SOURCE_ROOT; };
		312F4D1B83D344B682F8137E /* pt */ = {isa = PBXFileReference; lastKnownFileType = "?"; name = pt; path = Bee7GWResources.bundle/Resources/pt.lproj/Localizable.strings; sourceTree = SOURCE_ROOT; };
		34CA4E9FA451BE861FB4DC71 /* fr */ = {isa = PBXFileReference; lastKnownFileType = "?"; name = fr; path = Bee7GWResources.bundle/Resources/fr.lproj/Localizable.strings; sourceTree = SOURCE_ROOT; };
		352F43A082F57D3AD161DE1D /* ja */ = {isa = PBXFileReference; lastKnownFileType = "?"; name = ja; path = Bee7GWResources.bundle/Resources/ja.lproj/Localizable.strings; sourceTree = SOURCE_ROOT; };
		3EEEDB60197107C0006A9FF8 /* MediaPlayer.framework */ = {isa = PBXFileReference; lastKnownFileType = wrapper.framework; name = MediaPlayer.framework; path = Platforms/iPhoneOS.platform/Developer/SDKs/iPhoneOS7.1.sdk/System/Library/Frameworks/MediaPlayer.framework; sourceTree = DEVELOPER_DIR; };
		456447A7A20D59C2A226FF4E /* Bee7GWResources.bundle/ */ = {isa = PBXFileReference; lastKnownFileType = "?"; path = Bee7GWResources.bundle/; sourceTree = SOURCE_ROOT; };
		4CFE45B983C16FA080F5D6CC /* ar */ = {isa = PBXFileReference; lastKnownFileType = "?"; name = ar; path = Bee7GWResources.bundle/Resources/ar.lproj/Localizable.strings; sourceTree = SOURCE_ROOT; };
		5023810717EBBCAC00990C9B /* AppController.h */ = {isa = PBXFileReference; fileEncoding = 4; lastKnownFileType = sourcecode.c.h; path = AppController.h; sourceTree = "<group>"; };
		5023810817EBBCAC00990C9B /* AppController.mm */ = {isa = PBXFileReference; fileEncoding = 4; lastKnownFileType = sourcecode.cpp.objcpp; path = AppController.mm; sourceTree = "<group>"; };
		5023810917EBBCAC00990C9B /* Default-568h@2x.png */ = {isa = PBXFileReference; lastKnownFileType = image.png; path = "Default-568h@2x.png"; sourceTree = "<group>"; };
		5023810A17EBBCAC00990C9B /* Default.png */ = {isa = PBXFileReference; lastKnownFileType = image.png; path = Default.png; sourceTree = "<group>"; };
		5023810B17EBBCAC00990C9B /* Default@2x.png */ = {isa = PBXFileReference; lastKnownFileType = image.png; path = "Default@2x.png"; sourceTree = "<group>"; };
		5023810C17EBBCAC00990C9B /* Icon-114.png */ = {isa = PBXFileReference; lastKnownFileType = image.png; path = Icon-114.png; sourceTree = "<group>"; };
		5023810D17EBBCAC00990C9B /* Icon-120.png */ = {isa = PBXFileReference; lastKnownFileType = image.png; path = Icon-120.png; sourceTree = "<group>"; };
		5023810E17EBBCAC00990C9B /* Icon-144.png */ = {isa = PBXFileReference; lastKnownFileType = image.png; path = Icon-144.png; sourceTree = "<group>"; };
		5023810F17EBBCAC00990C9B /* Icon-152.png */ = {isa = PBXFileReference; lastKnownFileType = image.png; path = Icon-152.png; sourceTree = "<group>"; };
		5023811017EBBCAC00990C9B /* Icon-57.png */ = {isa = PBXFileReference; lastKnownFileType = image.png; path = Icon-57.png; sourceTree = "<group>"; };
		5023811117EBBCAC00990C9B /* Icon-72.png */ = {isa = PBXFileReference; lastKnownFileType = image.png; path = Icon-72.png; sourceTree = "<group>"; };
		5023811217EBBCAC00990C9B /* Icon-76.png */ = {isa = PBXFileReference; lastKnownFileType = image.png; path = Icon-76.png; sourceTree = "<group>"; };
		5023811317EBBCAC00990C9B /* Info.plist */ = {isa = PBXFileReference; fileEncoding = 4; lastKnownFileType = text.plist.xml; path = Info.plist; sourceTree = "<group>"; };
		5023811417EBBCAC00990C9B /* main.m */ = {isa = PBXFileReference; fileEncoding = 4; lastKnownFileType = sourcecode.c.objc; path = main.m; sourceTree = "<group>"; };
		5023811517EBBCAC00990C9B /* Prefix.pch */ = {isa = PBXFileReference; fileEncoding = 4; lastKnownFileType = sourcecode.c.h; path = Prefix.pch; sourceTree = "<group>"; };
		5023811617EBBCAC00990C9B /* RootViewController.h */ = {isa = PBXFileReference; fileEncoding = 4; lastKnownFileType = sourcecode.c.h; path = RootViewController.h; sourceTree = "<group>"; };
		5023811717EBBCAC00990C9B /* RootViewController.mm */ = {isa = PBXFileReference; fileEncoding = 4; lastKnownFileType = sourcecode.cpp.objcpp; path = RootViewController.mm; sourceTree = "<group>"; };
		5023816B17EBBCE400990C9B /* lua Mac.app */ = {isa = PBXFileReference; explicitFileType = wrapper.application; includeInIndex = 0; path = "lua Mac.app"; sourceTree = BUILT_PRODUCTS_DIR; };
		5023817917EBBE8300990C9B /* OpenGLES.framework */ = {isa = PBXFileReference; lastKnownFileType = wrapper.framework; name = OpenGLES.framework; path = Platforms/iPhoneOS.platform/Developer/SDKs/iPhoneOS7.0.sdk/System/Library/Frameworks/OpenGLES.framework; sourceTree = DEVELOPER_DIR; };
		50805AAE17EBBEAA004CFAD3 /* UIKit.framework */ = {isa = PBXFileReference; lastKnownFileType = wrapper.framework; name = UIKit.framework; path = Platforms/iPhoneOS.platform/Developer/SDKs/iPhoneOS7.0.sdk/System/Library/Frameworks/UIKit.framework; sourceTree = DEVELOPER_DIR; };
		5091733017ECE17A00D62437 /* Icon-29.png */ = {isa = PBXFileReference; lastKnownFileType = image.png; path = Icon-29.png; sourceTree = "<group>"; };
		5091733117ECE17A00D62437 /* Icon-40.png */ = {isa = PBXFileReference; lastKnownFileType = image.png; path = Icon-40.png; sourceTree = "<group>"; };
		5091733217ECE17A00D62437 /* Icon-50.png */ = {isa = PBXFileReference; lastKnownFileType = image.png; path = Icon-50.png; sourceTree = "<group>"; };
		5091733317ECE17A00D62437 /* Icon-58.png */ = {isa = PBXFileReference; lastKnownFileType = image.png; path = Icon-58.png; sourceTree = "<group>"; };
		5091733417ECE17A00D62437 /* Icon-80.png */ = {isa = PBXFileReference; lastKnownFileType = image.png; path = Icon-80.png; sourceTree = "<group>"; };
		5091733517ECE17A00D62437 /* Icon-100.png */ = {isa = PBXFileReference; lastKnownFileType = image.png; path = Icon-100.png; sourceTree = "<group>"; };
		50D7C96B17EBBEDF005D0B91 /* OpenGL.framework */ = {isa = PBXFileReference; lastKnownFileType = wrapper.framework; name = OpenGL.framework; path = System/Library/Frameworks/OpenGL.framework; sourceTree = SDKROOT; };
		50D7C96D17EBBEE6005D0B91 /* AppKit.framework */ = {isa = PBXFileReference; lastKnownFileType = wrapper.framework; name = AppKit.framework; path = System/Library/Frameworks/AppKit.framework; sourceTree = SDKROOT; };
		50D7C96F17EBBEEC005D0B91 /* IOKit.framework */ = {isa = PBXFileReference; lastKnownFileType = wrapper.framework; name = IOKit.framework; path = System/Library/Frameworks/IOKit.framework; sourceTree = SDKROOT; };
		5200BEC91A53D9A500AC45E4 /* Security.framework */ = {isa = PBXFileReference; lastKnownFileType = wrapper.framework; name = Security.framework; path = Platforms/iPhoneOS.platform/Developer/SDKs/iPhoneOS8.1.sdk/System/Library/Frameworks/Security.framework; sourceTree = DEVELOPER_DIR; };
		521A8E6E19F0C3D200D177D7 /* Default-667h@2x.png */ = {isa = PBXFileReference; lastKnownFileType = image.png; path = "Default-667h@2x.png"; sourceTree = "<group>"; };
		521A8E6F19F0C3D200D177D7 /* Default-736h@3x.png */ = {isa = PBXFileReference; lastKnownFileType = image.png; path = "Default-736h@3x.png"; sourceTree = "<group>"; };
		58304AC2A2DEA60D0DA29117 /* PluginBee7.framework */ = {isa = PBXFileReference; lastKnownFileType = wrapper.framework; path = PluginBee7.framework; sourceTree = SOURCE_ROOT; };
		584941CEB48A3A14D477A3EB /* libsimulator iOS.a */ = {isa = PBXFileReference; lastKnownFileType = archive.ar; name = "libsimulator iOS.a"; path = "../../../../cocos2d-x-3.6-lib/prebuilt/ios/libsimulator iOS.a"; sourceTree = "<absolute>"; };
		5EC942A0BE7DA1E8498BD0F3 /* CoreMedia.framework */ = {isa = PBXFileReference; lastKnownFileType = wrapper.framework; name = CoreMedia.framework; path = Platforms/iPhoneOS.platform/Developer/SDKs/iPhoneOS.sdk/System/Library/Frameworks/CoreMedia.framework; sourceTree = DEVELOPER_DIR; };
		6BA24AB1A968574B26F2197E /* zh_CN */ = {isa = PBXFileReference; lastKnownFileType = "?"; name = zh_CN; path = Bee7GWResources.bundle/Resources/zh_CN.lproj/Localizable.strings; sourceTree = SOURCE_ROOT; };
		74C0414396EC1CED5C93B242 /* tr */ = {isa = PBXFileReference; lastKnownFileType = "?"; name = tr; path = Bee7GWResources.bundle/Resources/tr.lproj/Localizable.strings; sourceTree = SOURCE_ROOT; };
		86B6442DBD1BD75CFCD440F9 /* PluginBee7LuaHelper.cpp */ = {isa = PBXFileReference; lastKnownFileType = sourcecode.cpp.cpp; name = PluginBee7LuaHelper.cpp; path = ../Classes/PluginBee7LuaHelper.cpp; sourceTree = SOURCE_ROOT; };
		9B9C42688B7D9634CD2E5CB1 /* it */ = {isa = PBXFileReference; lastKnownFileType = "?"; name = it; path = Bee7GWResources.bundle/Resources/it.lproj/Localizable.strings; sourceTree = SOURCE_ROOT; };
		9FB6C0691A69863D00945236 /* lua_debugger.c */ = {isa = PBXFileReference; fileEncoding = 4; lastKnownFileType = sourcecode.c.c; path = lua_debugger.c; sourceTree = "<group>"; };
		9FB6C06A1A69863D00945236 /* lua_debugger.h */ = {isa = PBXFileReference; fileEncoding = 4; lastKnownFileType = sourcecode.c.h; path = lua_debugger.h; sourceTree = "<group>"; };
		9FB6C06B1A69863D00945236 /* RuntimeLuaImpl.cpp */ = {isa = PBXFileReference; fileEncoding = 4; lastKnownFileType = sourcecode.cpp.cpp; path = RuntimeLuaImpl.cpp; sourceTree = "<group>"; };
		9FB6C06C1A69863D00945236 /* RuntimeLuaImpl.h */ = {isa = PBXFileReference; fileEncoding = 4; lastKnownFileType = sourcecode.c.h; path = RuntimeLuaImpl.h; sourceTree = "<group>"; };
		9FC7603F1A67791200D1E6E7 /* CodeIDESupport.h */ = {isa = PBXFileReference; fileEncoding = 4; lastKnownFileType = sourcecode.c.h; path = CodeIDESupport.h; sourceTree = "<group>"; };
		9FC760401A67791200D1E6E7 /* lang */ = {isa = PBXFileReference; fileEncoding = 4; lastKnownFileType = text; path = lang; sourceTree = "<group>"; };
		9FC760411A67791200D1E6E7 /* SimpleConfigParser.cpp */ = {isa = PBXFileReference; fileEncoding = 4; lastKnownFileType = sourcecode.cpp.cpp; path = SimpleConfigParser.cpp; sourceTree = "<group>"; };
		9FC760421A67791200D1E6E7 /* SimpleConfigParser.h */ = {isa = PBXFileReference; fileEncoding = 4; lastKnownFileType = sourcecode.c.h; path = SimpleConfigParser.h; sourceTree = "<group>"; };
		AFFA483DAE4C84CE288EE93F /* zh_TW */ = {isa = PBXFileReference; lastKnownFileType = "?"; name = zh_TW; path = Bee7GWResources.bundle/Resources/zh_TW.lproj/Localizable.strings; sourceTree = SOURCE_ROOT; };
		B47D4D5F9DDAE201D0F0E713 /*  */ = {isa = PBXFileReference; lastKnownFileType = "?"; name = ""; path = Bee7GWResources.bundle/; sourceTree = SOURCE_ROOT; };
		B8C147C1AFAB3927B2582774 /* libluacocos2d iOS.a */ = {isa = PBXFileReference; lastKnownFileType = archive.ar; name = "libluacocos2d iOS.a"; path = "../../../../cocos2d-x-3.6-lib/prebuilt/ios/libluacocos2d iOS.a"; sourceTree = "<absolute>"; };
		BB86421C962BF4928D4EBDD2 /* SDKBoxLuaHelper.h */ = {isa = PBXFileReference; lastKnownFileType = sourcecode.c.h; name = SDKBoxLuaHelper.h; path = ../Classes/SDKBoxLuaHelper.h; sourceTree = SOURCE_ROOT; };
		C03781B718BF655400FE4F13 /* res */ = {isa = PBXFileReference; lastKnownFileType = folder; name = res; path = ../../../res; sourceTree = "<group>"; };
		C03781B818BF655400FE4F13 /* src */ = {isa = PBXFileReference; lastKnownFileType = folder; name = src; path = ../../../src; sourceTree = "<group>"; };
		C05D1C111923449100B808A4 /* config.json */ = {isa = PBXFileReference; fileEncoding = 4; lastKnownFileType = text.json; name = config.json; path = ../../../config.json; sourceTree = "<group>"; };
		CD4E44BEA3EF13880696B04F /* StoreKit.framework */ = {isa = PBXFileReference; lastKnownFileType = wrapper.framework; name = StoreKit.framework; path = Platforms/iPhoneOS.platform/Developer/SDKs/iPhoneOS.sdk/System/Library/Frameworks/StoreKit.framework; sourceTree = DEVELOPER_DIR; };
		D4694864A08FA8E06211DC22 /* PluginBee7Lua.hpp */ = {isa = PBXFileReference; lastKnownFileType = sourcecode.c.h; name = PluginBee7Lua.hpp; path = ../Classes/PluginBee7Lua.hpp; sourceTree = SOURCE_ROOT; };
		D6B061341803AC000077942B /* CoreMotion.framework */ = {isa = PBXFileReference; lastKnownFileType = wrapper.framework; name = CoreMotion.framework; path = Platforms/iPhoneOS.platform/Developer/SDKs/iPhoneOS7.0.sdk/System/Library/Frameworks/CoreMotion.framework; sourceTree = DEVELOPER_DIR; };
		D6D54EEC84C3C91540F46018 /* ru */ = {isa = PBXFileReference; lastKnownFileType = "?"; name = ru; path = Bee7GWResources.bundle/Resources/ru.lproj/Localizable.strings; sourceTree = SOURCE_ROOT; };
		DCE24D4A928DBC8712B24A7B /* SystemConfiguration.framework */ = {isa = PBXFileReference; lastKnownFileType = wrapper.framework; name = SystemConfiguration.framework; path = Platforms/iPhoneOS.platform/Developer/SDKs/iPhoneOS.sdk/System/Library/Frameworks/SystemConfiguration.framework; sourceTree = DEVELOPER_DIR; };
		E30D4DB4A1D410D05E9F1196 /* PluginBee7LuaHelper.h */ = {isa = PBXFileReference; lastKnownFileType = sourcecode.c.h; name = PluginBee7LuaHelper.h; path = ../Classes/PluginBee7LuaHelper.h; sourceTree = SOURCE_ROOT; };
		EC82419DA11C49219045BE0F /* de */ = {isa = PBXFileReference; lastKnownFileType = "?"; name = de; path = Bee7GWResources.bundle/Resources/de.lproj/Localizable.strings; sourceTree = SOURCE_ROOT; };
		F293B3C815EB7BE500256477 /* lua iOS.app */ = {isa = PBXFileReference; explicitFileType = wrapper.application; includeInIndex = 0; path = "lua iOS.app"; sourceTree = BUILT_PRODUCTS_DIR; };
		F293B3CC15EB7BE500256477 /* QuartzCore.framework */ = {isa = PBXFileReference; lastKnownFileType = wrapper.framework; name = QuartzCore.framework; path = System/Library/Frameworks/QuartzCore.framework; sourceTree = SDKROOT; };
		F293B3CE15EB7BE500256477 /* OpenGLES.framework */ = {isa = PBXFileReference; lastKnownFileType = wrapper.framework; name = OpenGLES.framework; path = System/Library/Frameworks/OpenGLES.framework; sourceTree = SDKROOT; };
		F293B3D015EB7BE500256477 /* OpenAL.framework */ = {isa = PBXFileReference; lastKnownFileType = wrapper.framework; name = OpenAL.framework; path = System/Library/Frameworks/OpenAL.framework; sourceTree = SDKROOT; };
		F293B3D215EB7BE500256477 /* AudioToolbox.framework */ = {isa = PBXFileReference; lastKnownFileType = wrapper.framework; name = AudioToolbox.framework; path = System/Library/Frameworks/AudioToolbox.framework; sourceTree = SDKROOT; };
		F293B3D415EB7BE500256477 /* AVFoundation.framework */ = {isa = PBXFileReference; lastKnownFileType = wrapper.framework; name = AVFoundation.framework; path = System/Library/Frameworks/AVFoundation.framework; sourceTree = SDKROOT; };
		F293B3D615EB7BE500256477 /* UIKit.framework */ = {isa = PBXFileReference; lastKnownFileType = wrapper.framework; name = UIKit.framework; path = System/Library/Frameworks/UIKit.framework; sourceTree = SDKROOT; };
		F293B3D815EB7BE500256477 /* Foundation.framework */ = {isa = PBXFileReference; lastKnownFileType = wrapper.framework; name = Foundation.framework; path = System/Library/Frameworks/Foundation.framework; sourceTree = SDKROOT; };
		F293B3DA15EB7BE500256477 /* CoreGraphics.framework */ = {isa = PBXFileReference; lastKnownFileType = wrapper.framework; name = CoreGraphics.framework; path = System/Library/Frameworks/CoreGraphics.framework; sourceTree = SDKROOT; };
		F293BB7E15EB831F00256477 /* AppDelegate.cpp */ = {isa = PBXFileReference; fileEncoding = 4; lastKnownFileType = sourcecode.cpp.cpp; name = AppDelegate.cpp; path = ../Classes/AppDelegate.cpp; sourceTree = "<group>"; };
		F293BB7F15EB831F00256477 /* AppDelegate.h */ = {isa = PBXFileReference; fileEncoding = 4; lastKnownFileType = sourcecode.c.h; name = AppDelegate.h; path = ../Classes/AppDelegate.h; sourceTree = "<group>"; };
		F5B44435AF27BD27988EB6DB /* ko */ = {isa = PBXFileReference; lastKnownFileType = "?"; name = ko; path = Bee7GWResources.bundle/Resources/ko.lproj/Localizable.strings; sourceTree = SOURCE_ROOT; };
		F9314DD9A9DF098E9380D581 /* MessageUI.framework */ = {isa = PBXFileReference; lastKnownFileType = wrapper.framework; name = MessageUI.framework; path = Platforms/iPhoneOS.platform/Developer/SDKs/iPhoneOS.sdk/System/Library/Frameworks/MessageUI.framework; sourceTree = DEVELOPER_DIR; };
		FB3149978256B69E6EB23A96 /* libcocos2d iOS.a */ = {isa = PBXFileReference; lastKnownFileType = archive.ar; name = "libcocos2d iOS.a"; path = "../../../../cocos2d-x-3.6-lib/prebuilt/ios/libcocos2d iOS.a"; sourceTree = "<absolute>"; };
/* End PBXFileReference section */

/* Begin PBXFrameworksBuildPhase section */
		5023813617EBBCE400990C9B /* Frameworks */ = {
			isa = PBXFrameworksBuildPhase;
			buildActionMask = 2147483647;
			files = (
				15A8A4881834C90F00142BE0 /* libcurl.dylib */,
				50D7C97017EBBEEC005D0B91 /* IOKit.framework */,
				50D7C96E17EBBEE6005D0B91 /* AppKit.framework */,
				50D7C96C17EBBEDF005D0B91 /* OpenGL.framework */,
				5023813717EBBCE400990C9B /* libz.dylib */,
				5023813E17EBBCE400990C9B /* QuartzCore.framework */,
				5023814017EBBCE400990C9B /* OpenAL.framework */,
				5023814117EBBCE400990C9B /* AudioToolbox.framework */,
				5023814417EBBCE400990C9B /* Foundation.framework */,
				5023814517EBBCE400990C9B /* CoreGraphics.framework */,
				8C584195A1533F7DB78895BD /* sdkbox.framework */,
				FC10416097BB47B6D08779E4 /* PluginBee7.framework */,
				92834F8B83D537376981BBEA /* MessageUI.framework */,
				C1F9480BBAE95E6057ED3815 /* CoreMedia.framework */,
				8826489295A59DC74EAA873E /* SystemConfiguration.framework */,
				B6664BCB8E58D3C561F04D60 /* StoreKit.framework */,
				2CDC4E82AE1133027389B478 /* AdSupport.framework */,
				6210441A92545C16EEB137D8 /* libsqlite3.dylib */,
			);
			runOnlyForDeploymentPostprocessing = 0;
		};
		F293B3C515EB7BE500256477 /* Frameworks */ = {
			isa = PBXFrameworksBuildPhase;
			buildActionMask = 2147483647;
			files = (
				192977161BB236650002DFFC /* CFNetwork.framework */,
				5200BECA1A53D9A500AC45E4 /* Security.framework */,
				3EEEDB61197107C0006A9FF8 /* MediaPlayer.framework */,
				D6B061351803AC000077942B /* CoreMotion.framework */,
				1AF4C403178663F200122817 /* libz.dylib */,
				50805AAF17EBBEAA004CFAD3 /* UIKit.framework */,
				5023817A17EBBE8300990C9B /* OpenGLES.framework */,
				F293B3CD15EB7BE500256477 /* QuartzCore.framework */,
				F293B3D115EB7BE500256477 /* OpenAL.framework */,
				F293B3D315EB7BE500256477 /* AudioToolbox.framework */,
				F293B3D515EB7BE500256477 /* AVFoundation.framework */,
				F293B3D915EB7BE500256477 /* Foundation.framework */,
				F293B3DB15EB7BE500256477 /* CoreGraphics.framework */,
				F1BA4A48A4CDC144118EF090 /* libcocos2d iOS.a */,
				C8E9473A8EB8AFF878218D94 /* libluacocos2d iOS.a */,
				B4C0474CB1FBCAF30D285B58 /* libsimulator iOS.a */,
				182A49C4A6036CAD9669DEDD /* sdkbox.framework */,
				F8CC4C28BD7719A853FEAC43 /* PluginBee7.framework */,
				92C1412BA4A6C7F5E1FC98BC /* MessageUI.framework */,
				3F254BD6AE4FB234D67704A5 /* CoreMedia.framework */,
				2A9D4271AAE14651367EB0DD /* SystemConfiguration.framework */,
				380C491F980113B0D74137FC /* StoreKit.framework */,
				1A92487E9BBB5FDA5911BD03 /* AdSupport.framework */,
				8DBF4282BF6C30C333D40514 /* libsqlite3.dylib */,
			);
			runOnlyForDeploymentPostprocessing = 0;
		};
/* End PBXFrameworksBuildPhase section */

/* Begin PBXGroup section */
		27254B9A873A20EB15EF8433 /* ios-libs */ = {
			isa = PBXGroup;
			children = (
				FB3149978256B69E6EB23A96 /* libcocos2d iOS.a */,
				B8C147C1AFAB3927B2582774 /* libluacocos2d iOS.a */,
				584941CEB48A3A14D477A3EB /* libsimulator iOS.a */,
			);
			name = ios-libs;
			sourceTree = "<group>";
		};
		5023810617EBBCAC00990C9B /* ios */ = {
			isa = PBXGroup;
			children = (
				521A8E6E19F0C3D200D177D7 /* Default-667h@2x.png */,
				521A8E6F19F0C3D200D177D7 /* Default-736h@3x.png */,
				5023810717EBBCAC00990C9B /* AppController.h */,
				5023810817EBBCAC00990C9B /* AppController.mm */,
				5023810917EBBCAC00990C9B /* Default-568h@2x.png */,
				5023810A17EBBCAC00990C9B /* Default.png */,
				5023810B17EBBCAC00990C9B /* Default@2x.png */,
				5091734A17ECE18300D62437 /* Icons */,
				5023811317EBBCAC00990C9B /* Info.plist */,
				5023811417EBBCAC00990C9B /* main.m */,
				5023811517EBBCAC00990C9B /* Prefix.pch */,
				5023811617EBBCAC00990C9B /* RootViewController.h */,
				5023811717EBBCAC00990C9B /* RootViewController.mm */,
			);
			path = ios;
			sourceTree = "<group>";
		};
		5091734A17ECE18300D62437 /* Icons */ = {
			isa = PBXGroup;
			children = (
				5091733017ECE17A00D62437 /* Icon-29.png */,
				5091733117ECE17A00D62437 /* Icon-40.png */,
				5091733217ECE17A00D62437 /* Icon-50.png */,
				5091733317ECE17A00D62437 /* Icon-58.png */,
				5091733417ECE17A00D62437 /* Icon-80.png */,
				5091733517ECE17A00D62437 /* Icon-100.png */,
				5023810C17EBBCAC00990C9B /* Icon-114.png */,
				5023810D17EBBCAC00990C9B /* Icon-120.png */,
				5023810E17EBBCAC00990C9B /* Icon-144.png */,
				5023810F17EBBCAC00990C9B /* Icon-152.png */,
				5023811017EBBCAC00990C9B /* Icon-57.png */,
				5023811117EBBCAC00990C9B /* Icon-72.png */,
				5023811217EBBCAC00990C9B /* Icon-76.png */,
			);
			name = Icons;
			sourceTree = "<group>";
		};
		9FC7603E1A67791200D1E6E7 /* ide-support */ = {
			isa = PBXGroup;
			children = (
				9FC7603F1A67791200D1E6E7 /* CodeIDESupport.h */,
				9FC760401A67791200D1E6E7 /* lang */,
				9FC760411A67791200D1E6E7 /* SimpleConfigParser.cpp */,
				9FC760421A67791200D1E6E7 /* SimpleConfigParser.h */,
				9FB6C0691A69863D00945236 /* lua_debugger.c */,
				9FB6C06A1A69863D00945236 /* lua_debugger.h */,
				9FB6C06B1A69863D00945236 /* RuntimeLuaImpl.cpp */,
				9FB6C06C1A69863D00945236 /* RuntimeLuaImpl.h */,
			);
			name = ide-support;
			path = ../Classes/ide-support;
			sourceTree = "<group>";
		};
		F293B3BD15EB7BE500256477 /*  */ = {
			isa = PBXGroup;
			children = (
				5023810617EBBCAC00990C9B /* ios */,
				F293BB7C15EB830F00256477 /* Classes */,
				F293B3CB15EB7BE500256477 /* Frameworks */,
				F293B3C915EB7BE500256477 /* Products */,
				F293BC4615EB859D00256477 /* Resources */,
				27254B9A873A20EB15EF8433 /* ios-libs */,
				456447A7A20D59C2A226FF4E /* Bee7GWResources.bundle/ */,
				B47D4D5F9DDAE201D0F0E713 /*  */,
				37C94D09A8E7ED24054BA5B1 /* Localizable.strings */,
			);
			sourceTree = "<group>";
		};
		F293B3C915EB7BE500256477 /* Products */ = {
			isa = PBXGroup;
			children = (
				F293B3C815EB7BE500256477 /* lua iOS.app */,
				5023816B17EBBCE400990C9B /* lua Mac.app */,
			);
			name = Products;
			sourceTree = "<group>";
		};
		F293B3CB15EB7BE500256477 /* Frameworks */ = {
			isa = PBXGroup;
			children = (
				192977151BB236650002DFFC /* CFNetwork.framework */,
				5200BEC91A53D9A500AC45E4 /* Security.framework */,
				3EEEDB60197107C0006A9FF8 /* MediaPlayer.framework */,
				15A8A4871834C90E00142BE0 /* libcurl.dylib */,
				D6B061341803AC000077942B /* CoreMotion.framework */,
				50D7C96F17EBBEEC005D0B91 /* IOKit.framework */,
				50D7C96D17EBBEE6005D0B91 /* AppKit.framework */,
				50D7C96B17EBBEDF005D0B91 /* OpenGL.framework */,
				50805AAE17EBBEAA004CFAD3 /* UIKit.framework */,
				5023817917EBBE8300990C9B /* OpenGLES.framework */,
				1AF4C402178663F200122817 /* libz.dylib */,
				15C1568D1683131500D239F2 /* libcurl.a */,
				F293B3CC15EB7BE500256477 /* QuartzCore.framework */,
				F293B3CE15EB7BE500256477 /* OpenGLES.framework */,
				F293B3D015EB7BE500256477 /* OpenAL.framework */,
				F293B3D215EB7BE500256477 /* AudioToolbox.framework */,
				F293B3D415EB7BE500256477 /* AVFoundation.framework */,
				F293B3D615EB7BE500256477 /* UIKit.framework */,
				F293B3D815EB7BE500256477 /* Foundation.framework */,
				F293B3DA15EB7BE500256477 /* CoreGraphics.framework */,
				0829483782BAC8427186AF79 /* sdkbox.framework */,
				58304AC2A2DEA60D0DA29117 /* PluginBee7.framework */,
				F9314DD9A9DF098E9380D581 /* MessageUI.framework */,
				5EC942A0BE7DA1E8498BD0F3 /* CoreMedia.framework */,
				DCE24D4A928DBC8712B24A7B /* SystemConfiguration.framework */,
				CD4E44BEA3EF13880696B04F /* StoreKit.framework */,
				0EE64A0184E0A3E85A9670D5 /* AdSupport.framework */,
				29E44DC5B74862EACCA4F8BC /* libsqlite3.dylib */,
			);
			name = Frameworks;
			sourceTree = "<group>";
		};
		F293BB7C15EB830F00256477 /* Classes */ = {
			isa = PBXGroup;
			children = (
				9FC7603E1A67791200D1E6E7 /* ide-support */,
				15427CE2198F237300DC375D /* lua_module_register.h */,
				F293BB7E15EB831F00256477 /* AppDelegate.cpp */,
				F293BB7F15EB831F00256477 /* AppDelegate.h */,
				D4694864A08FA8E06211DC22 /* PluginBee7Lua.hpp */,
				1EE24143B6A5DE6459307E25 /* PluginBee7Lua.cpp */,
				86B6442DBD1BD75CFCD440F9 /* PluginBee7LuaHelper.cpp */,
				E30D4DB4A1D410D05E9F1196 /* PluginBee7LuaHelper.h */,
				BB86421C962BF4928D4EBDD2 /* SDKBoxLuaHelper.h */,
				2C6148E2B720C6ED96D8B1D5 /* SDKBoxLuaHelper.cpp */,
			);
			name = Classes;
			sourceTree = "<group>";
		};
		F293BC4615EB859D00256477 /* Resources */ = {
			isa = PBXGroup;
			children = (
				C05D1C111923449100B808A4 /* config.json */,
				C03781B718BF655400FE4F13 /* res */,
				C03781B818BF655400FE4F13 /* src */,
			);
			name = Resources;
			path = ../Resources;
			sourceTree = "<group>";
		};
/* End PBXGroup section */

/* Begin PBXNativeTarget section */
		5023812617EBBCE400990C9B /* lua Mac */ = {
			isa = PBXNativeTarget;
			buildConfigurationList = 5023816817EBBCE400990C9B /* Build configuration list for PBXNativeTarget "lua Mac" */;
			buildPhases = (
				5023813117EBBCE400990C9B /* Sources */,
				5023813617EBBCE400990C9B /* Frameworks */,
				5023814617EBBCE400990C9B /* Resources */,
			);
			buildRules = (
			);
			dependencies = (
				9FF505C11A5F0F0900AFDA55 /* libsimulator */,
			);
			name = "lua Mac";
			productName = lua;
			productReference = 5023816B17EBBCE400990C9B /* lua Mac.app */;
			productType = com.apple.product-type.application;
		};
		F293B3C715EB7BE500256477 /* lua iOS */ = {
			isa = PBXNativeTarget;
			buildConfigurationList = F293B6C415EB7BEA00256477 /* Build configuration list for PBXNativeTarget "lua iOS" */;
			buildPhases = (
				F293B3C415EB7BE500256477 /* Sources */,
				F293B3C515EB7BE500256477 /* Frameworks */,
				F293B3C615EB7BE500256477 /* Resources */,
				3EC988201966433500A45E0E /* ShellScript */,
			);
			buildRules = (
			);
			dependencies = (
			);
			name = "lua iOS";
			productName = lua;
			productReference = F293B3C815EB7BE500256477 /* lua iOS.app */;
			productType = com.apple.product-type.application;
		};
/* End PBXNativeTarget section */

/* Begin PBXProject section */
		F293B3BF15EB7BE500256477 /* Project Object */ = {
			isa = PBXProject;
			attributes = {
				LastUpgradeCheck = 0500;
				TargetAttributes = {
					F293B3C715EB7BE500256477 = {
						DevelopmentTeam = MDDB52YB8L;
					};
				};
			};
			buildConfigurationList = F293B3C215EB7BE500256477 /* Build configuration list for PBXProject "Unity-iPhone" */;
			compatibilityVersion = "Xcode 3.2";
			developmentRegion = English;
			hasScannedForEncodings = 0;
			knownRegions = (
				en,
				Base,
				zh-Hans,
			);
			mainGroup = F293B3BD15EB7BE500256477 /*  */;
			productRefGroup = F293B3C915EB7BE500256477 /* Products */;
			projectDirPath = "";
			projectRoot = "";
			targets = (
				F293B3C715EB7BE500256477 /* lua iOS */,
				5023812617EBBCE400990C9B /* lua Mac */,
			);
		};
/* End PBXProject section */

/* Begin PBXResourcesBuildPhase section */
		5023814617EBBCE400990C9B /* Resources */ = {
			isa = PBXResourcesBuildPhase;
			buildActionMask = 2147483647;
			files = (
				C03781BA18BF655400FE4F13 /* res */,
				C03781BC18BF655400FE4F13 /* src */,
				9FC760431A67791200D1E6E7 /* lang */,
				C05D1C131923449100B808A4 /* config.json */,
				782F4B6DB501A37CEA2D5715 /* Bee7GWResources.bundle/ */,
			);
			runOnlyForDeploymentPostprocessing = 0;
		};
		F293B3C615EB7BE500256477 /* Resources */ = {
			isa = PBXResourcesBuildPhase;
			buildActionMask = 2147483647;
			files = (
				15A8A4491834C64F00142BE0 /* Icon-114.png */,
				5023811D17EBBCAC00990C9B /* Icon-120.png */,
				5091733B17ECE17A00D62437 /* Icon-100.png */,
				5023811B17EBBCAC00990C9B /* Default@2x.png */,
				5091733617ECE17A00D62437 /* Icon-29.png */,
				5023811917EBBCAC00990C9B /* Default-568h@2x.png */,
				5091733917ECE17A00D62437 /* Icon-58.png */,
				5023811F17EBBCAC00990C9B /* Icon-152.png */,
				5023812017EBBCAC00990C9B /* Icon-57.png */,
				521A8E7019F0C3D200D177D7 /* Default-667h@2x.png */,
				C03781B918BF655400FE4F13 /* res */,
				5023812217EBBCAC00990C9B /* Icon-76.png */,
				5091733A17ECE17A00D62437 /* Icon-80.png */,
				5091733717ECE17A00D62437 /* Icon-40.png */,
				5023811E17EBBCAC00990C9B /* Icon-144.png */,
				5023811A17EBBCAC00990C9B /* Default.png */,
				C03781BB18BF655400FE4F13 /* src */,
				5091733817ECE17A00D62437 /* Icon-50.png */,
				5023812117EBBCAC00990C9B /* Icon-72.png */,
				C05D1C121923449100B808A4 /* config.json */,
				521A8E7119F0C3D200D177D7 /* Default-736h@3x.png */,
				97A7450B96F76992D1EF8D0F /* Bee7GWResources.bundle/ */,
				72D84F958DAF9572CC56AE3C /*  */,
				66784FA88672949B74C06DA4 /* Localizable.strings */,
			);
			runOnlyForDeploymentPostprocessing = 0;
		};
/* End PBXResourcesBuildPhase section */

/* Begin PBXShellScriptBuildPhase section */
		3EC988201966433500A45E0E /* ShellScript */ = {
			isa = PBXShellScriptBuildPhase;
			buildActionMask = 2147483647;
			files = (
			);
			inputPaths = (
			);
			outputPaths = (
			);
			runOnlyForDeploymentPostprocessing = 0;
			shellPath = /bin/sh;
			shellScript = "find ${SRCROOT}/../../../src/ -name \"*\" -exec touch -cm {} \\;\nfind ${SRCROOT}/../../../res/ -name \"*\" -exec touch -cm {} \\;";
		};
/* End PBXShellScriptBuildPhase section */

/* Begin PBXSourcesBuildPhase section */
		5023813117EBBCE400990C9B /* Sources */ = {
			isa = PBXSourcesBuildPhase;
			buildActionMask = 2147483647;
			files = (
				9FB6C06E1A69863D00945236 /* lua_debugger.c */,
				5023813317EBBCE400990C9B /* AppDelegate.cpp */,
				9FB6C0701A69863D00945236 /* RuntimeLuaImpl.cpp */,
				55524DAB96822B652D6BDC1D /* PluginBee7Lua.cpp */,
				CBEA4000B57F572F9BB3272B /* PluginBee7LuaHelper.cpp */,
				7F794C65B591D6887378FB53 /* SDKBoxLuaHelper.cpp */,
			);
			runOnlyForDeploymentPostprocessing = 0;
		};
		F293B3C415EB7BE500256477 /* Sources */ = {
			isa = PBXSourcesBuildPhase;
			buildActionMask = 2147483647;
			files = (
				9FC760451A677A4A00D1E6E7 /* SimpleConfigParser.cpp */,
				5023812517EBBCAC00990C9B /* RootViewController.mm */,
				F293BB9C15EB831F00256477 /* AppDelegate.cpp */,
				9FB6C06D1A69863D00945236 /* lua_debugger.c */,
				5023812417EBBCAC00990C9B /* main.m */,
				9FB6C06F1A69863D00945236 /* RuntimeLuaImpl.cpp */,
				5023811817EBBCAC00990C9B /* AppController.mm */,
				5EED4528A749E3F214CEBF3A /* PluginBee7Lua.cpp */,
				5F574383BE06187376908897 /* PluginBee7LuaHelper.cpp */,
				54FA427BA7B1ACD322027896 /* SDKBoxLuaHelper.cpp */,
			);
			runOnlyForDeploymentPostprocessing = 0;
		};
/* End PBXSourcesBuildPhase section */

/* Begin XCBuildConfiguration section */
		5023816917EBBCE400990C9B /* Debug */ = {
			isa = XCBuildConfiguration;
			buildSettings = {
				ALWAYS_SEARCH_USER_PATHS = YES;
				ARCHS = "$(ARCHS_STANDARD_64_BIT)";
				COMBINE_HIDPI_IMAGES = YES;
				CONFIGURATION_BUILD_DIR = ../../../runtime/mac;
				FRAMEWORK_SEARCH_PATHS = "\"/Users/ac/repos/chukong/private/sdkbox-bee7-sample/lua/frameworks/runtime-src/proj.ios_mac/\"";
				GCC_DYNAMIC_NO_PIC = NO;
				GCC_PRECOMPILE_PREFIX_HEADER = YES;
				GCC_PREFIX_HEADER = mac/Prefix.pch;
				GCC_PREPROCESSOR_DEFINITIONS = (
					GLFW_EXPOSE_NATIVE_COCOA,
					GLFW_EXPOSE_NATIVE_NSGL,
					CC_TARGET_OS_MAC,
					"$(inherited)",
				);
				HEADER_SEARCH_PATHS = (
					"$(SRCROOT)/../Classes",
					../../../../cocos2d-x-3.6-lib/tools/simulator/libsimulator/lib,
					../../../../cocos2d-x-3.6-lib/tools/simulator/libsimulator/lib/protobuf-lite,
				);
				INFOPLIST_FILE = mac/Info.plist;
				LIBRARY_SEARCH_PATHS = (
					../../../../cocos2d-x-3.6-lib/prebuilt/mac,
					"\"sdkbox.framework\"",
					"\"PluginBee7.framework\"",
				);
				MACOSX_DEPLOYMENT_TARGET = 10.8;
				OTHER_LDFLAGS = (
					-image_base,
					100000000,
					-pagezero_size,
					10000,
					"$(_COCOS_LIB_MAC_BEGIN)",
					"$(_COCOS_LIB_MAC_END)",
					-fobjc-arc,
					-force_load,
					PluginBee7.framework/PluginBee7,
				);
				SDKROOT = macosx;
				USER_HEADER_SEARCH_PATHS = "$(inherited) ../../../../cocos2d-x-3.6-lib/cocos/platform/mac ../../../../cocos2d-x-3.6-lib/external/glfw3/include/mac $(_COCOS_HEADER_MAC_BEGIN) $(_COCOS_HEADER_MAC_END)";
			};
			name = Debug;
		};
		5023816A17EBBCE400990C9B /* Release */ = {
			isa = XCBuildConfiguration;
			buildSettings = {
				ALWAYS_SEARCH_USER_PATHS = YES;
				ARCHS = "$(ARCHS_STANDARD_64_BIT)";
				COMBINE_HIDPI_IMAGES = YES;
				FRAMEWORK_SEARCH_PATHS = "\"/Users/ac/repos/chukong/private/sdkbox-bee7-sample/lua/frameworks/runtime-src/proj.ios_mac/\"";
				GCC_PRECOMPILE_PREFIX_HEADER = YES;
				GCC_PREFIX_HEADER = mac/Prefix.pch;
				GCC_PREPROCESSOR_DEFINITIONS = (
					GLFW_EXPOSE_NATIVE_COCOA,
					GLFW_EXPOSE_NATIVE_NSGL,
					CC_TARGET_OS_MAC,
					"$(inherited)",
				);
				HEADER_SEARCH_PATHS = (
					"$(SRCROOT)/../Classes",
					../../../../cocos2d-x-3.6-lib/tools/simulator/libsimulator/lib,
					../../../../cocos2d-x-3.6-lib/tools/simulator/libsimulator/lib/protobuf-lite,
				);
				INFOPLIST_FILE = mac/Info.plist;
				LIBRARY_SEARCH_PATHS = (
					../../../../cocos2d-x-3.6-lib/prebuilt/mac,
					"\"sdkbox.framework\"",
					"\"PluginBee7.framework\"",
				);
				MACOSX_DEPLOYMENT_TARGET = 10.8;
				OTHER_LDFLAGS = (
					-image_base,
					100000000,
					-pagezero_size,
					10000,
					"$(_COCOS_LIB_MAC_BEGIN)",
					"$(_COCOS_LIB_MAC_END)",
					-fobjc-arc,
					-force_load,
					PluginBee7.framework/PluginBee7,
				);
				SDKROOT = macosx;
				USER_HEADER_SEARCH_PATHS = "$(inherited) ../../../../cocos2d-x-3.6-lib/cocos/platform/mac ../../../../cocos2d-x-3.6-lib/external/glfw3/include/mac $(_COCOS_HEADER_MAC_BEGIN) $(_COCOS_HEADER_MAC_END)";
			};
			name = Release;
		};
		F293B6C215EB7BEA00256477 /* Debug */ = {
			isa = XCBuildConfiguration;
			buildSettings = {
				CLANG_CXX_LANGUAGE_STANDARD = "c++0x";
				CLANG_CXX_LIBRARY = "libc++";
				COPY_PHASE_STRIP = NO;
				FRAMEWORK_SEARCH_PATHS = "\"/Users/ac/repos/chukong/private/sdkbox-bee7-sample/lua/frameworks/runtime-src/proj.ios_mac/\"";
				GCC_C_LANGUAGE_STANDARD = c99;
				GCC_OPTIMIZATION_LEVEL = 0;
				GCC_PREPROCESSOR_DEFINITIONS = (
					DEBUG,
					"COCOS2D_DEBUG=1",
					USE_FILE32API,
					"CC_LUA_ENGINE_ENABLED=1",
					"CC_ENABLE_CHIPMUNK_INTEGRATION=1",
					GLFW_EXPOSE_NATIVE_COCOA,
				);
				GCC_SYMBOLS_PRIVATE_EXTERN = NO;
				GCC_WARN_ABOUT_RETURN_TYPE = YES;
				GCC_WARN_UNUSED_VARIABLE = YES;
				HEADER_SEARCH_PATHS = "";
				LIBRARY_SEARCH_PATHS = (
					"\"sdkbox.framework\"",
					"\"PluginBee7.framework\"",
				);
				ONLY_ACTIVE_ARCH = YES;
				OTHER_LDFLAGS = (
					-fobjc-arc,
					-force_load,
					PluginBee7.framework/PluginBee7,
				);
				PRODUCT_NAME = "$(TARGET_NAME)";
				USER_HEADER_SEARCH_PATHS = "../../../../cocos2d-x-3.6-lib ../../../../cocos2d-x-3.6-lib/cocos ../../../../cocos2d-x-3.6-lib/cocos/base ../../../../cocos2d-x-3.6-lib/cocos/physics ../../../../cocos2d-x-3.6-lib/cocos/math/kazmath ../../../../cocos2d-x-3.6-lib/cocos/2d ../../../../cocos2d-x-3.6-lib/cocos/ui ../../../../cocos2d-x-3.6-lib/cocos/network ../../../../cocos2d-x-3.6-lib/cocos/audio/include ../../../../cocos2d-x-3.6-lib/cocos/editor-support ../../../../cocos2d-x-3.6-lib/extensions ../../../../cocos2d-x-3.6-lib/external ../../../../cocos2d-x-3.6-lib/external/chipmunk/include/chipmunk ../../../../cocos2d-x-3.6-lib/external/lua/luajit/include ../../../../cocos2d-x-3.6-lib/external/lua/tolua ../../../../cocos2d-x-3.6-lib/cocos/scripting/lua-bindings/manual ../../../../cocos2d-x-3.6-lib/cocos/scripting/lua-bindings/auto";
			};
			name = Debug;
		};
		F293B6C315EB7BEA00256477 /* Release */ = {
			isa = XCBuildConfiguration;
			buildSettings = {
				CLANG_CXX_LANGUAGE_STANDARD = "c++0x";
				CLANG_CXX_LIBRARY = "libc++";
				FRAMEWORK_SEARCH_PATHS = "\"/Users/ac/repos/chukong/private/sdkbox-bee7-sample/lua/frameworks/runtime-src/proj.ios_mac/\"";
				GCC_C_LANGUAGE_STANDARD = c99;
				GCC_PREPROCESSOR_DEFINITIONS = (
					NDEBUG,
					USE_FILE32API,
					"CC_LUA_ENGINE_ENABLED=1",
					"CC_ENABLE_CHIPMUNK_INTEGRATION=1",
				);
				GCC_WARN_ABOUT_RETURN_TYPE = YES;
				GCC_WARN_UNUSED_VARIABLE = YES;
				HEADER_SEARCH_PATHS = "";
				LIBRARY_SEARCH_PATHS = (
					"\"sdkbox.framework\"",
					"\"PluginBee7.framework\"",
				);
				OTHER_CFLAGS = "-DNS_BLOCK_ASSERTIONS=1";
				OTHER_LDFLAGS = (
					-fobjc-arc,
					-force_load,
					PluginBee7.framework/PluginBee7,
				);
				PRODUCT_NAME = "$(TARGET_NAME)";
				USER_HEADER_SEARCH_PATHS = "../../../../cocos2d-x-3.6-lib ../../../../cocos2d-x-3.6-lib/cocos ../../../../cocos2d-x-3.6-lib/cocos/base ../../../../cocos2d-x-3.6-lib/cocos/physics ../../../../cocos2d-x-3.6-lib/cocos/math/kazmath ../../../../cocos2d-x-3.6-lib/cocos/2d ../../../../cocos2d-x-3.6-lib/cocos/ui ../../../../cocos2d-x-3.6-lib/cocos/network ../../../../cocos2d-x-3.6-lib/cocos/audio/include ../../../../cocos2d-x-3.6-lib/cocos/editor-support ../../../../cocos2d-x-3.6-lib/extensions ../../../../cocos2d-x-3.6-lib/external ../../../../cocos2d-x-3.6-lib/external/chipmunk/include/chipmunk ../../../../cocos2d-x-3.6-lib/external/lua/luajit/include ../../../../cocos2d-x-3.6-lib/external/lua/tolua ../../../../cocos2d-x-3.6-lib/cocos/scripting/lua-bindings/manual ../../../../cocos2d-x-3.6-lib/cocos/scripting/lua-bindings/auto";
				VALIDATE_PRODUCT = YES;
			};
			name = Release;
		};
		F293B6C515EB7BEA00256477 /* Debug */ = {
			isa = XCBuildConfiguration;
			buildSettings = {
				ALWAYS_SEARCH_USER_PATHS = YES;
				CODE_SIGN_IDENTITY = "iPhone Developer";
				COMPRESS_PNG_FILES = NO;
				FRAMEWORK_SEARCH_PATHS = "\"${SRCROOT}\"";
				GCC_DYNAMIC_NO_PIC = NO;
				GCC_PRECOMPILE_PREFIX_HEADER = YES;
				GCC_PREFIX_HEADER = ios/Prefix.pch;
				GCC_PREPROCESSOR_DEFINITIONS = (
					CC_TARGET_OS_IPHONE,
					"$(inherited)",
				);
				HEADER_SEARCH_PATHS = (
					"$(SRCROOT)/../Classes",
					../../../../cocos2d-x-3.6-lib/tools/simulator/libsimulator/lib,
					../../../../cocos2d-x-3.6-lib/tools/simulator/libsimulator/lib/protobuf-lite,
				);
				INFOPLIST_FILE = ios/Info.plist;
				IPHONEOS_DEPLOYMENT_TARGET = 5.0;
				LIBRARY_SEARCH_PATHS = (
					../../../../cocos2d-x-3.6-lib/prebuilt/ios,
					"\"sdkbox.framework\"",
					"\"PluginBee7.framework\"",
				);
				OTHER_CFLAGS = -DSDKBOX_ENABLED;
				OTHER_LDFLAGS = (
					"$(_COCOS_LIB_IOS_BEGIN)",
					"$(_COCOS_LIB_IOS_END)",
					-fobjc-arc,
					-force_load,
					PluginBee7.framework/PluginBee7,
					-force_load,
					PluginBee7.framework/PluginBee7,
					"-force_load PluginBee7.framework/PluginBee7",
				);
				SDKROOT = iphoneos;
				TARGETED_DEVICE_FAMILY = "1,2";
				USER_HEADER_SEARCH_PATHS = "$(inherited) ../../../../cocos2d-x-3.6-lib/cocos/platform/ios $(_COCOS_HEADER_IOS_BEGIN) $(_COCOS_HEADER_IOS_END)";
				VALID_ARCHS = "arm64 armv7";
			};
			name = Debug;
		};
		F293B6C615EB7BEA00256477 /* Release */ = {
			isa = XCBuildConfiguration;
			buildSettings = {
				ALWAYS_SEARCH_USER_PATHS = YES;
				CODE_SIGN_IDENTITY = "iPhone Developer";
				COMPRESS_PNG_FILES = NO;
				FRAMEWORK_SEARCH_PATHS = "\"${SRCROOT}\"";
				GCC_PRECOMPILE_PREFIX_HEADER = YES;
				GCC_PREFIX_HEADER = ios/Prefix.pch;
				GCC_PREPROCESSOR_DEFINITIONS = (
					CC_TARGET_OS_IPHONE,
					"$(inherited)",
				);
				HEADER_SEARCH_PATHS = (
					"$(SRCROOT)/../Classes/protobuf-lite",
					"$(SRCROOT)/../Classes",
					../../../../cocos2d-x-3.6-lib/tools/simulator/libsimulator/lib,
				);
				INFOPLIST_FILE = ios/Info.plist;
				IPHONEOS_DEPLOYMENT_TARGET = 5.0;
				LIBRARY_SEARCH_PATHS = (
					../../../../cocos2d-x-3.6-lib/prebuilt/ios,
					"\"sdkbox.framework\"",
					"\"PluginBee7.framework\"",
				);
				OTHER_CFLAGS = -DSDKBOX_ENABLED;
				OTHER_LDFLAGS = (
					"$(_COCOS_LIB_IOS_BEGIN)",
					"$(_COCOS_LIB_IOS_END)",
					-fobjc-arc,
					-force_load,
					PluginBee7.framework/PluginBee7,
					-force_load,
					PluginBee7.framework/PluginBee7,
					"-force_load PluginBee7.framework/PluginBee7",
				);
				SDKROOT = iphoneos;
				TARGETED_DEVICE_FAMILY = "1,2";
				USER_HEADER_SEARCH_PATHS = "$(inherited) ../../../../cocos2d-x-3.6-lib/cocos/platform/ios $(_COCOS_HEADER_IOS_BEGIN) $(_COCOS_HEADER_IOS_END)";
				VALID_ARCHS = "arm64 armv7";
			};
			name = Release;
		};
/* End XCBuildConfiguration section */

/* Begin XCConfigurationList section */
		5023816817EBBCE400990C9B /* Build configuration list for PBXNativeTarget "lua Mac" */ = {
			isa = XCConfigurationList;
			buildConfigurations = (
				5023816917EBBCE400990C9B /* Debug */,
				5023816A17EBBCE400990C9B /* Release */,
			);
			defaultConfigurationIsVisible = 0;
			defaultConfigurationName = Release;
		};
		F293B3C215EB7BE500256477 /* Build configuration list for PBXProject "Unity-iPhone" */ = {
			isa = XCConfigurationList;
			buildConfigurations = (
				F293B6C215EB7BEA00256477 /* Debug */,
				F293B6C315EB7BEA00256477 /* Release */,
			);
			defaultConfigurationIsVisible = 0;
			defaultConfigurationName = Release;
		};
		F293B6C415EB7BEA00256477 /* Build configuration list for PBXNativeTarget "lua iOS" */ = {
			isa = XCConfigurationList;
			buildConfigurations = (
				F293B6C515EB7BEA00256477 /* Debug */,
				F293B6C615EB7BEA00256477 /* Release */,
			);
			defaultConfigurationIsVisible = 0;
			defaultConfigurationName = Release;
		};
/* End XCConfigurationList section */

/* Begin PBXTargetDependency section */
		9FF505C11A5F0F0900AFDA55 /* libsimulator */ = {
			isa = PBXTargetDependency;
			name = libsimulator;
		};
/* End PBXTargetDependency section */

/* Begin PBXVariantGroup section */
		37C94D09A8E7ED24054BA5B1 /* Localizable.strings */ = {
			isa = PBXVariantGroup;
			children = (
				4CFE45B983C16FA080F5D6CC /* ar */,
				EC82419DA11C49219045BE0F /* de */,
				0B8945718CD9E3917E7FB0B3 /* en */,
				2BDD44DE8D6DFD7401EFEC21 /* es */,
				34CA4E9FA451BE861FB4DC71 /* fr */,
				9B9C42688B7D9634CD2E5CB1 /* it */,
				352F43A082F57D3AD161DE1D /* ja */,
				F5B44435AF27BD27988EB6DB /* ko */,
				312F4D1B83D344B682F8137E /* pt */,
				D6D54EEC84C3C91540F46018 /* ru */,
				74C0414396EC1CED5C93B242 /* tr */,
				6BA24AB1A968574B26F2197E /* zh_CN */,
				AFFA483DAE4C84CE288EE93F /* zh_TW */,
			);
			name = Localizable.strings;
			sourceTree = "<group>";
		};
/* End PBXVariantGroup section */
	};
	rootObject = F293B3BF15EB7BE500256477 /* Project Object */;
}